
Microsoft Visual Studio Solution File, Format Version 12.00
# Visual Studio 15
VisualStudioVersion = 15.0.28010.2016
MinimumVisualStudioVersion = 10.0.40219.1
Project("{FAE04EC0-301F-11D3-BF4B-00C04F79EFBC}") = "P20sept2018_2", "P20sept2018_2\P20sept2018_2.csproj", "{ACBD69DB-2F44-43B5-A736-6ABEF485AA5A}"
EndProject
Global
	GlobalSection(SolutionConfigurationPlatforms) = preSolution
		Debug|Any CPU = Debug|Any CPU
		Release|Any CPU = Release|Any CPU
	EndGlobalSection
	GlobalSection(ProjectConfigurationPlatforms) = postSolution
		{ACBD69DB-2F44-43B5-A736-6ABEF485AA5A}.Debug|Any CPU.ActiveCfg = Debug|Any CPU
		{ACBD69DB-2F44-43B5-A736-6ABEF485AA5A}.Debug|Any CPU.Build.0 = Debug|Any CPU
		{ACBD69DB-2F44-43B5-A736-6ABEF485AA5A}.Release|Any CPU.ActiveCfg = Release|Any CPU
		{ACBD69DB-2F44-43B5-A736-6ABEF485AA5A}.Release|Any CPU.Build.0 = Release|Any CPU
	EndGlobalSection
	GlobalSection(SolutionProperties) = preSolution
		HideSolutionNode = FALSE
	EndGlobalSection
	GlobalSection(ExtensibilityGlobals) = postSolution
		SolutionGuid = {1AEC8A03-00E0-45B3-9DEE-40AF2F1E77F2}
	EndGlobalSection
EndGlobal
